{
  "name": "sentry-safety-sdk-demo",
  "version": "1.0.0",
  "lockfileVersion": 3,
  "requires": true,
  "packages": {
    "": {
      "name": "sentry-safety-sdk-demo",
      "version": "1.0.0",
      "dependencies": {
        "@sentry-safety/sdk": "file:../packages/sentry-safety-sdk"
      }
    },
    "../packages/sentry-safety-sdk": {
      "name": "@sentry-safety/sdk",
      "version": "0.1.0",
      "license": "MIT",
      "devDependencies": {
        "tsup": "^8.0.0",
        "typescript": "^5.0.0"
      },
      "engines": {
        "node": ">=20"
      }
    },
    "node_modules/@sentry-safety/sdk": {
      "resolved": "../packages/sentry-safety-sdk",
      "link": true
    }
  }
}
